
Microsoft Visual Studio Solution File, Format Version 12.00
# Visual Studio Version 17
VisualStudioVersion = 17.3.32929.385
MinimumVisualStudioVersion = 10.0.40219.1
Project("{FAE04EC0-301F-11D3-BF4B-00C04F79EFBC}") = "ConsoleApp1", "ConsoleApp1\ConsoleApp1.csproj", "{29786EC6-DFD8-438A-91E2-FFD65FB7075C}"
EndProject
Global
	GlobalSection(SolutionConfigurationPlatforms) = preSolution
		Debug|Any CPU = Debug|Any CPU
		Release|Any CPU = Release|Any CPU
	EndGlobalSection
	GlobalSection(ProjectConfigurationPlatforms) = postSolution
		{29786EC6-DFD8-438A-91E2-FFD65FB7075C}.Debug|Any CPU.ActiveCfg = Debug|Any CPU
		{29786EC6-DFD8-438A-91E2-FFD65FB7075C}.Debug|Any CPU.Build.0 = Debug|Any CPU
		{29786EC6-DFD8-438A-91E2-FFD65FB7075C}.Release|Any CPU.ActiveCfg = Release|Any CPU
		{29786EC6-DFD8-438A-91E2-FFD65FB7075C}.Release|Any CPU.Build.0 = Release|Any CPU
	EndGlobalSection
	GlobalSection(SolutionProperties) = preSolution
		HideSolutionNode = FALSE
	EndGlobalSection
	GlobalSection(ExtensibilityGlobals) = postSolution
		SolutionGuid = {FFF29F81-C4A2-4050-A5CD-CCED70DDB78C}
	EndGlobalSection
EndGlobal
